
Microsoft Visual Studio Solution File, Format Version 9.00
# Visual Studio 2005
Project("{FAE04EC0-301F-11D3-BF4B-00C04F79EFBC}") = "Persistencia", "Persistência\Persistencia.csproj", "{E4AECA75-DA68-4E53-8E27-FB5F6A27B4F2}"
EndProject
Project("{FAE04EC0-301F-11D3-BF4B-00C04F79EFBC}") = "Modelo", "Modelo\Modelo.csproj", "{0B904741-206A-4494-A74B-613917426ECD}"
EndProject
Project("{FAE04EC0-301F-11D3-BF4B-00C04F79EFBC}") = "Negocio", "Negócio\ClassLib\Negocio.csproj", "{183236CE-9AA3-4928-866E-DD1494BD8DD8}"
EndProject
Project("{FAE04EC0-301F-11D3-BF4B-00C04F79EFBC}") = "WinPFC", "Apresentação\WinPFC\WinPFC.csproj", "{A8E74E43-46DA-4F8A-84F7-21F8438F5982}"
EndProject
Global
	GlobalSection(SolutionConfigurationPlatforms) = preSolution
		Debug|Any CPU = Debug|Any CPU
		Release|Any CPU = Release|Any CPU
	EndGlobalSection
	GlobalSection(ProjectConfigurationPlatforms) = postSolution
		{E4AECA75-DA68-4E53-8E27-FB5F6A27B4F2}.Debug|Any CPU.ActiveCfg = Debug|Any CPU
		{E4AECA75-DA68-4E53-8E27-FB5F6A27B4F2}.Debug|Any CPU.Build.0 = Debug|Any CPU
		{E4AECA75-DA68-4E53-8E27-FB5F6A27B4F2}.Release|Any CPU.ActiveCfg = Release|Any CPU
		{E4AECA75-DA68-4E53-8E27-FB5F6A27B4F2}.Release|Any CPU.Build.0 = Release|Any CPU
		{0B904741-206A-4494-A74B-613917426ECD}.Debug|Any CPU.ActiveCfg = Debug|Any CPU
		{0B904741-206A-4494-A74B-613917426ECD}.Debug|Any CPU.Build.0 = Debug|Any CPU
		{0B904741-206A-4494-A74B-613917426ECD}.Release|Any CPU.ActiveCfg = Release|Any CPU
		{0B904741-206A-4494-A74B-613917426ECD}.Release|Any CPU.Build.0 = Release|Any CPU
		{183236CE-9AA3-4928-866E-DD1494BD8DD8}.Debug|Any CPU.ActiveCfg = Debug|Any CPU
		{183236CE-9AA3-4928-866E-DD1494BD8DD8}.Debug|Any CPU.Build.0 = Debug|Any CPU
		{183236CE-9AA3-4928-866E-DD1494BD8DD8}.Release|Any CPU.ActiveCfg = Release|Any CPU
		{183236CE-9AA3-4928-866E-DD1494BD8DD8}.Release|Any CPU.Build.0 = Release|Any CPU
		{A8E74E43-46DA-4F8A-84F7-21F8438F5982}.Debug|Any CPU.ActiveCfg = Debug|Any CPU
		{A8E74E43-46DA-4F8A-84F7-21F8438F5982}.Debug|Any CPU.Build.0 = Debug|Any CPU
		{A8E74E43-46DA-4F8A-84F7-21F8438F5982}.Release|Any CPU.ActiveCfg = Release|Any CPU
		{A8E74E43-46DA-4F8A-84F7-21F8438F5982}.Release|Any CPU.Build.0 = Release|Any CPU
	EndGlobalSection
	GlobalSection(SolutionProperties) = preSolution
		HideSolutionNode = FALSE
	EndGlobalSection
EndGlobal
